
Microsoft Visual Studio Solution File, Format Version 12.00
# Visual Studio Version 16
VisualStudioVersion = 16.0.31205.134
MinimumVisualStudioVersion = 10.0.40219.1
Project("{FAE04EC0-301F-11D3-BF4B-00C04F79EFBC}") = "AprilHackathon", "AprilHackathon\AprilHackathon.csproj", "{EB64DB44-AC71-4D3F-AE23-A99A3C8EE750}"
EndProject
Project("{FAE04EC0-301F-11D3-BF4B-00C04F79EFBC}") = "AprilHackathon.Test", "AprilHackathon.Test\AprilHackathon.Test.csproj", "{CC8EAEFB-E137-4121-A5EA-9FD4C222EC5F}"
EndProject
Global
	GlobalSection(SolutionConfigurationPlatforms) = preSolution
		Debug|Any CPU = Debug|Any CPU
		Release|Any CPU = Release|Any CPU
	EndGlobalSection
	GlobalSection(ProjectConfigurationPlatforms) = postSolution
		{EB64DB44-AC71-4D3F-AE23-A99A3C8EE750}.Debug|Any CPU.ActiveCfg = Debug|Any CPU
		{EB64DB44-AC71-4D3F-AE23-A99A3C8EE750}.Debug|Any CPU.Build.0 = Debug|Any CPU
		{EB64DB44-AC71-4D3F-AE23-A99A3C8EE750}.Release|Any CPU.ActiveCfg = Release|Any CPU
		{EB64DB44-AC71-4D3F-AE23-A99A3C8EE750}.Release|Any CPU.Build.0 = Release|Any CPU
		{CC8EAEFB-E137-4121-A5EA-9FD4C222EC5F}.Debug|Any CPU.ActiveCfg = Debug|Any CPU
		{CC8EAEFB-E137-4121-A5EA-9FD4C222EC5F}.Debug|Any CPU.Build.0 = Debug|Any CPU
		{CC8EAEFB-E137-4121-A5EA-9FD4C222EC5F}.Release|Any CPU.ActiveCfg = Release|Any CPU
		{CC8EAEFB-E137-4121-A5EA-9FD4C222EC5F}.Release|Any CPU.Build.0 = Release|Any CPU
	EndGlobalSection
	GlobalSection(SolutionProperties) = preSolution
		HideSolutionNode = FALSE
	EndGlobalSection
	GlobalSection(ExtensibilityGlobals) = postSolution
		SolutionGuid = {D8ED2108-44A9-40EC-80AA-A4540F644817}
	EndGlobalSection
EndGlobal
